
Microsoft Visual Studio Solution File, Format Version 12.00
# Visual Studio Version 16
VisualStudioVersion = 16.0.31005.135
MinimumVisualStudioVersion = 10.0.40219.1
Project("{FAE04EC0-301F-11D3-BF4B-00C04F79EFBC}") = "InfoManager", "InfoManager\InfoManager.csproj", "{160A1B37-AAD6-4578-A64B-13796C3535D1}"
EndProject
Global
	GlobalSection(SolutionConfigurationPlatforms) = preSolution
		Debug|Any CPU = Debug|Any CPU
		Release|Any CPU = Release|Any CPU
	EndGlobalSection
	GlobalSection(ProjectConfigurationPlatforms) = postSolution
		{160A1B37-AAD6-4578-A64B-13796C3535D1}.Debug|Any CPU.ActiveCfg = Debug|Any CPU
		{160A1B37-AAD6-4578-A64B-13796C3535D1}.Debug|Any CPU.Build.0 = Debug|Any CPU
		{160A1B37-AAD6-4578-A64B-13796C3535D1}.Release|Any CPU.ActiveCfg = Release|Any CPU
		{160A1B37-AAD6-4578-A64B-13796C3535D1}.Release|Any CPU.Build.0 = Release|Any CPU
	EndGlobalSection
	GlobalSection(SolutionProperties) = preSolution
		HideSolutionNode = FALSE
	EndGlobalSection
	GlobalSection(ExtensibilityGlobals) = postSolution
		SolutionGuid = {84D5592A-A46D-4D70-BE95-263EAC353222}
	EndGlobalSection
EndGlobal
